
Microsoft Visual Studio Solution File, Format Version 12.00
# Visual Studio Version 17
VisualStudioVersion = 17.0.31903.59
MinimumVisualStudioVersion = 10.0.40219.1
Project("{FAE04EC0-301F-11D3-BF4B-00C04F79EFBC}") = "day_1", "src\day_1\day_1.csproj", "{9D12B4F1-A1F7-461B-9E3B-16AF41056407}"
EndProject
Project("{FAE04EC0-301F-11D3-BF4B-00C04F79EFBC}") = "day_2", "src\day_2\day_2.csproj", "{D41DED99-3778-454D-9892-8D2E02EE375A}"
EndProject
Project("{2150E333-8FDC-42A3-9474-1A3956D46DE8}") = "src", "src", "{270A885E-D388-4A8B-8B0E-5731625DE1B0}"
EndProject
Project("{FAE04EC0-301F-11D3-BF4B-00C04F79EFBC}") = "day_3", "src\day_3\day_3.csproj", "{27F01E03-6E73-44D6-841A-13331CD12DD4}"
EndProject
Project("{FAE04EC0-301F-11D3-BF4B-00C04F79EFBC}") = "day_4", "src\day_4\day_4.csproj", "{B2917D0B-2B6C-4667-8562-3AA592D583D1}"
EndProject
Project("{FAE04EC0-301F-11D3-BF4B-00C04F79EFBC}") = "day_5", "src\day_5\day_5.csproj", "{75BF7375-9994-4F79-8211-3B166A553798}"
EndProject
Project("{FAE04EC0-301F-11D3-BF4B-00C04F79EFBC}") = "day_6", "src\day_6\day_6.csproj", "{06288752-EA70-49FE-8CD8-B944585E26DA}"
EndProject
Project("{FAE04EC0-301F-11D3-BF4B-00C04F79EFBC}") = "day_7", "src\day_7\day_7.csproj", "{716DEAB3-F241-412C-B849-D2E2205A7375}"
Project("{FAE04EC0-301F-11D3-BF4B-00C04F79EFBC}") = "day_10", "src\day_10\day_10.csproj", "{56B85715-0BE8-484B-BF65-06CFF6AE1BF9}"
Project("{FAE04EC0-301F-11D3-BF4B-00C04F79EFBC}") = "day_11", "src\day_11\day_11.csproj", "{D2A05471-D65F-4FB3-8860-3FE7440A4258}"
EndProject
EndProject
Project("{FAE04EC0-301F-11D3-BF4B-00C04F79EFBC}") = "day_8", "src\day_8\day_8.csproj", "{D380E339-237B-454E-9E84-04B22F820AB7}"
EndProject
Project("{FAE04EC0-301F-11D3-BF4B-00C04F79EFBC}") = "day_9", "src\day_9\day_9.csproj", "{F5B8349B-EB7C-455C-A366-54E1BB4E5E60}"
EndProject
EndProject
Global
	GlobalSection(SolutionConfigurationPlatforms) = preSolution
		Debug|Any CPU = Debug|Any CPU
		Release|Any CPU = Release|Any CPU
	EndGlobalSection
	GlobalSection(SolutionProperties) = preSolution
		HideSolutionNode = FALSE
	EndGlobalSection
	GlobalSection(ProjectConfigurationPlatforms) = postSolution
		{9D12B4F1-A1F7-461B-9E3B-16AF41056407}.Debug|Any CPU.ActiveCfg = Debug|Any CPU
		{9D12B4F1-A1F7-461B-9E3B-16AF41056407}.Debug|Any CPU.Build.0 = Debug|Any CPU
		{9D12B4F1-A1F7-461B-9E3B-16AF41056407}.Release|Any CPU.ActiveCfg = Release|Any CPU
		{9D12B4F1-A1F7-461B-9E3B-16AF41056407}.Release|Any CPU.Build.0 = Release|Any CPU
		{D41DED99-3778-454D-9892-8D2E02EE375A}.Debug|Any CPU.ActiveCfg = Debug|Any CPU
		{D41DED99-3778-454D-9892-8D2E02EE375A}.Debug|Any CPU.Build.0 = Debug|Any CPU
		{D41DED99-3778-454D-9892-8D2E02EE375A}.Release|Any CPU.ActiveCfg = Release|Any CPU
		{D41DED99-3778-454D-9892-8D2E02EE375A}.Release|Any CPU.Build.0 = Release|Any CPU
		{27F01E03-6E73-44D6-841A-13331CD12DD4}.Debug|Any CPU.ActiveCfg = Debug|Any CPU
		{27F01E03-6E73-44D6-841A-13331CD12DD4}.Debug|Any CPU.Build.0 = Debug|Any CPU
		{27F01E03-6E73-44D6-841A-13331CD12DD4}.Release|Any CPU.ActiveCfg = Release|Any CPU
		{27F01E03-6E73-44D6-841A-13331CD12DD4}.Release|Any CPU.Build.0 = Release|Any CPU
		{B2917D0B-2B6C-4667-8562-3AA592D583D1}.Debug|Any CPU.ActiveCfg = Debug|Any CPU
		{B2917D0B-2B6C-4667-8562-3AA592D583D1}.Debug|Any CPU.Build.0 = Debug|Any CPU
		{B2917D0B-2B6C-4667-8562-3AA592D583D1}.Release|Any CPU.ActiveCfg = Release|Any CPU
		{B2917D0B-2B6C-4667-8562-3AA592D583D1}.Release|Any CPU.Build.0 = Release|Any CPU
		{75BF7375-9994-4F79-8211-3B166A553798}.Debug|Any CPU.ActiveCfg = Debug|Any CPU
		{75BF7375-9994-4F79-8211-3B166A553798}.Debug|Any CPU.Build.0 = Debug|Any CPU
		{75BF7375-9994-4F79-8211-3B166A553798}.Release|Any CPU.ActiveCfg = Release|Any CPU
		{75BF7375-9994-4F79-8211-3B166A553798}.Release|Any CPU.Build.0 = Release|Any CPU
		{06288752-EA70-49FE-8CD8-B944585E26DA}.Debug|Any CPU.ActiveCfg = Debug|Any CPU
		{06288752-EA70-49FE-8CD8-B944585E26DA}.Debug|Any CPU.Build.0 = Debug|Any CPU
		{06288752-EA70-49FE-8CD8-B944585E26DA}.Release|Any CPU.ActiveCfg = Release|Any CPU
		{06288752-EA70-49FE-8CD8-B944585E26DA}.Release|Any CPU.Build.0 = Release|Any CPU
		{716DEAB3-F241-412C-B849-D2E2205A7375}.Debug|Any CPU.ActiveCfg = Debug|Any CPU
		{716DEAB3-F241-412C-B849-D2E2205A7375}.Debug|Any CPU.Build.0 = Debug|Any CPU
		{716DEAB3-F241-412C-B849-D2E2205A7375}.Release|Any CPU.ActiveCfg = Release|Any CPU
		{716DEAB3-F241-412C-B849-D2E2205A7375}.Release|Any CPU.Build.0 = Release|Any CPU
		{56B85715-0BE8-484B-BF65-06CFF6AE1BF9}.Debug|Any CPU.ActiveCfg = Debug|Any CPU
		{56B85715-0BE8-484B-BF65-06CFF6AE1BF9}.Debug|Any CPU.Build.0 = Debug|Any CPU
		{56B85715-0BE8-484B-BF65-06CFF6AE1BF9}.Release|Any CPU.ActiveCfg = Release|Any CPU
		{56B85715-0BE8-484B-BF65-06CFF6AE1BF9}.Release|Any CPU.Build.0 = Release|Any CPU
		{D2A05471-D65F-4FB3-8860-3FE7440A4258}.Debug|Any CPU.ActiveCfg = Debug|Any CPU
		{D2A05471-D65F-4FB3-8860-3FE7440A4258}.Debug|Any CPU.Build.0 = Debug|Any CPU
		{D2A05471-D65F-4FB3-8860-3FE7440A4258}.Release|Any CPU.ActiveCfg = Release|Any CPU
		{D2A05471-D65F-4FB3-8860-3FE7440A4258}.Release|Any CPU.Build.0 = Release|Any CPU
		{2BE0AE33-D03B-45DF-A199-83047C0144D4}.Debug|Any CPU.ActiveCfg = Debug|Any CPU
		{2BE0AE33-D03B-45DF-A199-83047C0144D4}.Debug|Any CPU.Build.0 = Debug|Any CPU
		{2BE0AE33-D03B-45DF-A199-83047C0144D4}.Release|Any CPU.ActiveCfg = Release|Any CPU
		{2BE0AE33-D03B-45DF-A199-83047C0144D4}.Release|Any CPU.Build.0 = Release|Any CPU
		{882C3480-3AC4-480E-A624-1732F2F8B44A}.Debug|Any CPU.ActiveCfg = Debug|Any CPU
		{882C3480-3AC4-480E-A624-1732F2F8B44A}.Debug|Any CPU.Build.0 = Debug|Any CPU
		{882C3480-3AC4-480E-A624-1732F2F8B44A}.Release|Any CPU.ActiveCfg = Release|Any CPU
		{882C3480-3AC4-480E-A624-1732F2F8B44A}.Release|Any CPU.Build.0 = Release|Any CPU
	EndGlobalSection
	GlobalSection(NestedProjects) = preSolution
		{27F01E03-6E73-44D6-841A-13331CD12DD4} = {270A885E-D388-4A8B-8B0E-5731625DE1B0}
		{B2917D0B-2B6C-4667-8562-3AA592D583D1} = {270A885E-D388-4A8B-8B0E-5731625DE1B0}
		{75BF7375-9994-4F79-8211-3B166A553798} = {270A885E-D388-4A8B-8B0E-5731625DE1B0}
		{06288752-EA70-49FE-8CD8-B944585E26DA} = {270A885E-D388-4A8B-8B0E-5731625DE1B0}
		{716DEAB3-F241-412C-B849-D2E2205A7375} = {270A885E-D388-4A8B-8B0E-5731625DE1B0}
		{56B85715-0BE8-484B-BF65-06CFF6AE1BF9} = {270A885E-D388-4A8B-8B0E-5731625DE1B0}
		{D2A05471-D65F-4FB3-8860-3FE7440A4258} = {270A885E-D388-4A8B-8B0E-5731625DE1B0}
		{2BE0AE33-D03B-45DF-A199-83047C0144D4} = {270A885E-D388-4A8B-8B0E-5731625DE1B0}
		{882C3480-3AC4-480E-A624-1732F2F8B44A} = {270A885E-D388-4A8B-8B0E-5731625DE1B0}
	EndGlobalSection
EndGlobal
